// !$*UTF8*$!
{
	archiveVersion = 1;
	classes = {
	};
	objectVersion = 48;
	objects = {

/* Begin PBXBuildFile section */
		53451E8E206746A700BA54EE /* AppDelegate.m in Sources */ = {isa = PBXBuildFile; fileRef = 53451E8D206746A700BA54EE /* AppDelegate.m */; };
		53451E94206746A700BA54EE /* Main.storyboard in Resources */ = {isa = PBXBuildFile; fileRef = 53451E92206746A700BA54EE /* Main.storyboard */; };
		53451E96206746A700BA54EE /* Assets.xcassets in Resources */ = {isa = PBXBuildFile; fileRef = 53451E95206746A700BA54EE /* Assets.xcassets */; };
		53451E99206746A700BA54EE /* LaunchScreen.storyboard in Resources */ = {isa = PBXBuildFile; fileRef = 53451E97206746A700BA54EE /* LaunchScreen.storyboard */; };
		53451E9C206746A700BA54EE /* main.m in Sources */ = {isa = PBXBuildFile; fileRef = 53451E9B206746A700BA54EE /* main.m */; };
		53451EA4206746E400BA54EE /* ZYYMainTableViewController.m in Sources */ = {isa = PBXBuildFile; fileRef = 53451EA3206746E400BA54EE /* ZYYMainTableViewController.m */; };
		53451EA8206747E300BA54EE /* ZYYTimerBlockViewController.m in Sources */ = {isa = PBXBuildFile; fileRef = 53451EA7206747E300BA54EE /* ZYYTimerBlockViewController.m */; };
		53451EAB2067482700BA54EE /* NSTimer+blockSupport.m in Sources */ = {isa = PBXBuildFile; fileRef = 53451EAA2067482700BA54EE /* NSTimer+blockSupport.m */; };
/* End PBXBuildFile section */

/* Begin PBXFileReference section */
		53451E89206746A700BA54EE /* ZYYRetainCycleDemo.app */ = {isa = PBXFileReference; explicitFileType = wrapper.application; includeInIndex = 0; path = ZYYRetainCycleDemo.app; sourceTree = BUILT_PRODUCTS_DIR; };
		53451E8C206746A700BA54EE /* AppDelegate.h */ = {isa = PBXFileReference; lastKnownFileType = sourcecode.c.h; path = AppDelegate.h; sourceTree = "<group>"; };
		53451E8D206746A700BA54EE /* AppDelegate.m */ = {isa = PBXFileReference; lastKnownFileType = sourcecode.c.objc; path = AppDelegate.m; sourceTree = "<group>"; };
		53451E93206746A700BA54EE /* Base */ = {isa = PBXFileReference; lastKnownFileType = file.storyboard; name = Base; path = Base.lproj/Main.storyboard; sourceTree = "<group>"; };
		53451E95206746A700BA54EE /* Assets.xcassets */ = {isa = PBXFileReference; lastKnownFileType = folder.assetcatalog; path = Assets.xcassets; sourceTree = "<group>"; };
		53451E98206746A700BA54EE /* Base */ = {isa = PBXFileReference; lastKnownFileType = file.storyboard; name = Base; path = Base.lproj/LaunchScreen.storyboard; sourceTree = "<group>"; };
		53451E9A206746A700BA54EE /* Info.plist */ = {isa = PBXFileReference; lastKnownFileType = text.plist.xml; path = Info.plist; sourceTree = "<group>"; };
		53451E9B206746A700BA54EE /* main.m */ = {isa = PBXFileReference; lastKnownFileType = sourcecode.c.objc; path = main.m; sourceTree = "<group>"; };
		53451EA2206746E400BA54EE /* ZYYMainTableViewController.h */ = {isa = PBXFileReference; lastKnownFileType = sourcecode.c.h; path = ZYYMainTableViewController.h; sourceTree = "<group>"; };
		53451EA3206746E400BA54EE /* ZYYMainTableViewController.m */ = {isa = PBXFileReference; lastKnownFileType = sourcecode.c.objc; path = ZYYMainTableViewController.m; sourceTree = "<group>"; };
		53451EA6206747E300BA54EE /* ZYYTimerBlockViewController.h */ = {isa = PBXFileReference; lastKnownFileType = sourcecode.c.h; path = ZYYTimerBlockViewController.h; sourceTree = "<group>"; };
		53451EA7206747E300BA54EE /* ZYYTimerBlockViewController.m */ = {isa = PBXFileReference; lastKnownFileType = sourcecode.c.objc; path = ZYYTimerBlockViewController.m; sourceTree = "<group>"; };
		53451EA92067482700BA54EE /* NSTimer+blockSupport.h */ = {isa = PBXFileReference; lastKnownFileType = sourcecode.c.h; path = "NSTimer+blockSupport.h"; sourceTree = "<group>"; };
		53451EAA2067482700BA54EE /* NSTimer+blockSupport.m */ = {isa = PBXFileReference; lastKnownFileType = sourcecode.c.objc; path = "NSTimer+blockSupport.m"; sourceTree = "<group>"; };
/* End PBXFileReference section */

/* Begin PBXFrameworksBuildPhase section */
		53451E86206746A700BA54EE /* Frameworks */ = {
			isa = PBXFrameworksBuildPhase;
			buildActionMask = 2147483647;
			files = (
			);
			runOnlyForDeploymentPostprocessing = 0;
		};
/* End PBXFrameworksBuildPhase section */

/* Begin PBXGroup section */
		53451E80206746A700BA54EE = {
			isa = PBXGroup;
			children = (
				53451E8B206746A700BA54EE /* ZYYRetainCycleDemo */,
				53451E8A206746A700BA54EE /* Products */,
			);
			sourceTree = "<group>";
		};
		53451E8A206746A700BA54EE /* Products */ = {
			isa = PBXGroup;
			children = (
				53451E89206746A700BA54EE /* ZYYRetainCycleDemo.app */,
			);
			name = Products;
			sourceTree = "<group>";
		};
		53451E8B206746A700BA54EE /* ZYYRetainCycleDemo */ = {
			isa = PBXGroup;
			children = (
				53451EA52067478F00BA54EE /* ZYYTimerBlock */,
				53451E8C206746A700BA54EE /* AppDelegate.h */,
				53451E8D206746A700BA54EE /* AppDelegate.m */,
				53451EA2206746E400BA54EE /* ZYYMainTableViewController.h */,
				53451EA3206746E400BA54EE /* ZYYMainTableViewController.m */,
				53451E92206746A700BA54EE /* Main.storyboard */,
				53451E95206746A700BA54EE /* Assets.xcassets */,
				53451E97206746A700BA54EE /* LaunchScreen.storyboard */,
				53451E9A206746A700BA54EE /* Info.plist */,
				53451E9B206746A700BA54EE /* main.m */,
			);
			path = ZYYRetainCycleDemo;
			sourceTree = "<group>";
		};
		53451EA52067478F00BA54EE /* ZYYTimerBlock */ = {
			isa = PBXGroup;
			children = (
				53451EA6206747E300BA54EE /* ZYYTimerBlockViewController.h */,
				53451EA7206747E300BA54EE /* ZYYTimerBlockViewController.m */,
				53451EA92067482700BA54EE /* NSTimer+blockSupport.h */,
				53451EAA2067482700BA54EE /* NSTimer+blockSupport.m */,
			);
			path = ZYYTimerBlock;
			sourceTree = "<group>";
		};
/* End PBXGroup section */

/* Begin PBXNativeTarget section */
		53451E88206746A700BA54EE /* ZYYRetainCycleDemo */ = {
			isa = PBXNativeTarget;
			buildConfigurationList = 53451E9F206746A700BA54EE /* Build configuration list for PBXNativeTarget "ZYYRetainCycleDemo" */;
			buildPhases = (
				53451E85206746A700BA54EE /* Sources */,
				53451E86206746A700BA54EE /* Frameworks */,
				53451E87206746A700BA54EE /* Resources */,
			);
			buildRules = (
			);
			dependencies = (
			);
			name = ZYYRetainCycleDemo;
			productName = ZYYRetainCycleDemo;
			productReference = 53451E89206746A700BA54EE /* ZYYRetainCycleDemo.app */;
			productType = "com.apple.product-type.application";
		};
/* End PBXNativeTarget section */

/* Begin PBXProject section */
		53451E81206746A700BA54EE /* Project object */ = {
			isa = PBXProject;
			attributes = {
				LastUpgradeCheck = 0920;
				ORGANIZATIONNAME = "郑尧元";
				TargetAttributes = {
					53451E88206746A700BA54EE = {
						CreatedOnToolsVersion = 9.2;
						ProvisioningStyle = Automatic;
					};
				};
			};
			buildConfigurationList = 53451E84206746A700BA54EE /* Build configuration list for PBXProject "ZYYRetainCycleDemo" */;
			compatibilityVersion = "Xcode 8.0";
			developmentRegion = en;
			hasScannedForEncodings = 0;
			knownRegions = (
				en,
				Base,
			);
			mainGroup = 53451E80206746A700BA54EE;
			productRefGroup = 53451E8A206746A700BA54EE /* Products */;
			projectDirPath = "";
			projectRoot = "";
			targets = (
				53451E88206746A700BA54EE /* ZYYRetainCycleDemo */,
			);
		};
/* End PBXProject section */

/* Begin PBXResourcesBuildPhase section */
		53451E87206746A700BA54EE /* Resources */ = {
			isa = PBXResourcesBuildPhase;
			buildActionMask = 2147483647;
			files = (
				53451E99206746A700BA54EE /* LaunchScreen.storyboard in Resources */,
				53451E96206746A700BA54EE /* Assets.xcassets in Resources */,
				53451E94206746A700BA54EE /* Main.storyboard in Resources */,
			);
			runOnlyForDeploymentPostprocessing = 0;
		};
/* End PBXResourcesBuildPhase section */

/* Begin PBXSourcesBuildPhase section */
		53451E85206746A700BA54EE /* Sources */ = {
			isa = PBXSourcesBuildPhase;
			buildActionMask = 2147483647;
			files = (
				53451E9C206746A700BA54EE /* main.m in Sources */,
				53451EA4206746E400BA54EE /* ZYYMainTableViewController.m in Sources */,
				53451EAB2067482700BA54EE /* NSTimer+blockSupport.m in Sources */,
				53451E8E206746A700BA54EE /* AppDelegate.m in Sources */,
				53451EA8206747E300BA54EE /* ZYYTimerBlockViewController.m in Sources */,
			);
			runOnlyForDeploymentPostprocessing = 0;
		};
/* End PBXSourcesBuildPhase section */

/* Begin PBXVariantGroup section */
		53451E92206746A700BA54EE /* Main.storyboard */ = {
			isa = PBXVariantGroup;
			children = (
				53451E93206746A700BA54EE /* Base */,
			);
			name = Main.storyboard;
			sourceTree = "<group>";
		};
		53451E97206746A700BA54EE /* LaunchScreen.storyboard */ = {
			isa = PBXVariantGroup;
			children = (
				53451E98206746A700BA54EE /* Base */,
			);
			name = LaunchScreen.storyboard;
			sourceTree = "<group>";
		};
/* End PBXVariantGroup section */

/* Begin XCBuildConfiguration section */
		53451E9D206746A700BA54EE /* Debug */ = {
			isa = XCBuildConfiguration;
			buildSettings = {
				ALWAYS_SEARCH_USER_PATHS = NO;
				CLANG_ANALYZER_NONNULL = YES;
				CLANG_ANALYZER_NUMBER_OBJECT_CONVERSION = YES_AGGRESSIVE;
				CLANG_CXX_LANGUAGE_STANDARD = "gnu++14";
				CLANG_CXX_LIBRARY = "libc++";
				CLANG_ENABLE_MODULES = YES;
				CLANG_ENABLE_OBJC_ARC = YES;
				CLANG_WARN_BLOCK_CAPTURE_AUTORELEASING = YES;
				CLANG_WARN_BOOL_CONVERSION = YES;
				CLANG_WARN_COMMA = YES;
				CLANG_WARN_CONSTANT_CONVERSION = YES;
				CLANG_WARN_DIRECT_OBJC_ISA_USAGE = YES_ERROR;
				CLANG_WARN_DOCUMENTATION_COMMENTS = YES;
				CLANG_WARN_EMPTY_BODY = YES;
				CLANG_WARN_ENUM_CONVERSION = YES;
				CLANG_WARN_INFINITE_RECURSION = YES;
				CLANG_WARN_INT_CONVERSION = YES;
				CLANG_WARN_NON_LITERAL_NULL_CONVERSION = YES;
				CLANG_WARN_OBJC_LITERAL_CONVERSION = YES;
				CLANG_WARN_OBJC_ROOT_CLASS = YES_ERROR;
				CLANG_WARN_RANGE_LOOP_ANALYSIS = YES;
				CLANG_WARN_STRICT_PROTOTYPES = YES;
				CLANG_WARN_SUSPICIOUS_MOVE = YES;
				CLANG_WARN_UNGUARDED_AVAILABILITY = YES_AGGRESSIVE;
				CLANG_WARN_UNREACHABLE_CODE = YES;
				CLANG_WARN__DUPLICATE_METHOD_MATCH = YES;
				CODE_SIGN_IDENTITY = "iPhone Developer";
				COPY_PHASE_STRIP = NO;
				DEBUG_INFORMATION_FORMAT = dwarf;
				ENABLE_STRICT_OBJC_MSGSEND = YES;
				ENABLE_TESTABILITY = YES;
				GCC_C_LANGUAGE_STANDARD = gnu11;
				GCC_DYNAMIC_NO_PIC = NO;
				GCC_NO_COMMON_BLOCKS = YES;
				GCC_OPTIMIZATION_LEVEL = 0;
				GCC_PREPROCESSOR_DEFINITIONS = (
					"DEBUG=1",
					"$(inherited)",
				);
				GCC_WARN_64_TO_32_BIT_CONVERSION = YES;
				GCC_WARN_ABOUT_RETURN_TYPE = YES_ERROR;
				GCC_WARN_UNDECLARED_SELECTOR = YES;
				GCC_WARN_UNINITIALIZED_AUTOS = YES_AGGRESSIVE;
				GCC_WARN_UNUSED_FUNCTION = YES;
				GCC_WARN_UNUSED_VARIABLE = YES;
				IPHONEOS_DEPLOYMENT_TARGET = 11.2;
				MTL_ENABLE_DEBUG_INFO = YES;
				ONLY_ACTIVE_ARCH = YES;
				SDKROOT = iphoneos;
			};
			name = Debug;
		};
		53451E9E206746A700BA54EE /* Release */ = {
			isa = XCBuildConfiguration;
			buildSettings = {
				ALWAYS_SEARCH_USER_PATHS = NO;
				CLANG_ANALYZER_NONNULL = YES;
				CLANG_ANALYZER_NUMBER_OBJECT_CONVERSION = YES_AGGRESSIVE;
				CLANG_CXX_LANGUAGE_STANDARD = "gnu++14";
				CLANG_CXX_LIBRARY = "libc++";
				CLANG_ENABLE_MODULES = YES;
				CLANG_ENABLE_OBJC_ARC = YES;
				CLANG_WARN_BLOCK_CAPTURE_AUTORELEASING = YES;
				CLANG_WARN_BOOL_CONVERSION = YES;
				CLANG_WARN_COMMA = YES;
				CLANG_WARN_CONSTANT_CONVERSION = YES;
				CLANG_WARN_DIRECT_OBJC_ISA_USAGE = YES_ERROR;
				CLANG_WARN_DOCUMENTATION_COMMENTS = YES;
				CLANG_WARN_EMPTY_BODY = YES;
				CLANG_WARN_ENUM_CONVERSION = YES;
				CLANG_WARN_INFINITE_RECURSION = YES;
				CLANG_WARN_INT_CONVERSION = YES;
				CLANG_WARN_NON_LITERAL_NULL_CONVERSION = YES;
				CLANG_WARN_OBJC_LITERAL_CONVERSION = YES;
				CLANG_WARN_OBJC_ROOT_CLASS = YES_ERROR;
				CLANG_WARN_RANGE_LOOP_ANALYSIS = YES;
				CLANG_WARN_STRICT_PROTOTYPES = YES;
				CLANG_WARN_SUSPICIOUS_MOVE = YES;
				CLANG_WARN_UNGUARDED_AVAILABILITY = YES_AGGRESSIVE;
				CLANG_WARN_UNREACHABLE_CODE = YES;
				CLANG_WARN__DUPLICATE_METHOD_MATCH = YES;
				CODE_SIGN_IDENTITY = "iPhone Developer";
				COPY_PHASE_STRIP = NO;
				DEBUG_INFORMATION_FORMAT = "dwarf-with-dsym";
				ENABLE_NS_ASSERTIONS = NO;
				ENABLE_STRICT_OBJC_MSGSEND = YES;
				GCC_C_LANGUAGE_STANDARD = gnu11;
				GCC_NO_COMMON_BLOCKS = YES;
				GCC_WARN_64_TO_32_BIT_CONVERSION = YES;
				GCC_WARN_ABOUT_RETURN_TYPE = YES_ERROR;
				GCC_WARN_UNDECLARED_SELECTOR = YES;
				GCC_WARN_UNINITIALIZED_AUTOS = YES_AGGRESSIVE;
				GCC_WARN_UNUSED_FUNCTION = YES;
				GCC_WARN_UNUSED_VARIABLE = YES;
				IPHONEOS_DEPLOYMENT_TARGET = 11.2;
				MTL_ENABLE_DEBUG_INFO = NO;
				SDKROOT = iphoneos;
				VALIDATE_PRODUCT = YES;
			};
			name = Release;
		};
		53451EA0206746A700BA54EE /* Debug */ = {
			isa = XCBuildConfiguration;
			buildSettings = {
				ASSETCATALOG_COMPILER_APPICON_NAME = AppIcon;
				CODE_SIGN_STYLE = Automatic;
				INFOPLIST_FILE = ZYYRetainCycleDemo/Info.plist;
				LD_RUNPATH_SEARCH_PATHS = "$(inherited) @executable_path/Frameworks";
				PRODUCT_BUNDLE_IDENTIFIER = com.zyy.ZYYRetainCycleDemo;
				PRODUCT_NAME = "$(TARGET_NAME)";
				TARGETED_DEVICE_FAMILY = "1,2";
			};
			name = Debug;
		};
		53451EA1206746A700BA54EE /* Release */ = {
			isa = XCBuildConfiguration;
			buildSettings = {
				ASSETCATALOG_COMPILER_APPICON_NAME = AppIcon;
				CODE_SIGN_STYLE = Automatic;
				INFOPLIST_FILE = ZYYRetainCycleDemo/Info.plist;
				LD_RUNPATH_SEARCH_PATHS = "$(inherited) @executable_path/Frameworks";
				PRODUCT_BUNDLE_IDENTIFIER = com.zyy.ZYYRetainCycleDemo;
				PRODUCT_NAME = "$(TARGET_NAME)";
				TARGETED_DEVICE_FAMILY = "1,2";
			};
			name = Release;
		};
/* End XCBuildConfiguration section */

/* Begin XCConfigurationList section */
		53451E84206746A700BA54EE /* Build configuration list for PBXProject "ZYYRetainCycleDemo" */ = {
			isa = XCConfigurationList;
			buildConfigurations = (
				53451E9D206746A700BA54EE /* Debug */,
				53451E9E206746A700BA54EE /* Release */,
			);
			defaultConfigurationIsVisible = 0;
			defaultConfigurationName = Release;
		};
		53451E9F206746A700BA54EE /* Build configuration list for PBXNativeTarget "ZYYRetainCycleDemo" */ = {
			isa = XCConfigurationList;
			buildConfigurations = (
				53451EA0206746A700BA54EE /* Debug */,
				53451EA1206746A700BA54EE /* Release */,
			);
			defaultConfigurationIsVisible = 0;
			defaultConfigurationName = Release;
		};
/* End XCConfigurationList section */
	};
	rootObject = 53451E81206746A700BA54EE /* Project object */;
}
