// !$*UTF8*$!
{
	archiveVersion = 1;
	classes = {
	};
	objectVersion = 48;
	objects = {

/* Begin PBXBuildFile section */
		3CCDBE57CA51D6812ABA9E1A /* Pods_ZYYZhihu.framework in Frameworks */ = {isa = PBXBuildFile; fileRef = 0AC53F22A0239ED368AC951E /* Pods_ZYYZhihu.framework */; };
		5304FA972063CEAB006A6CEF /* AppDelegate.swift in Sources */ = {isa = PBXBuildFile; fileRef = 5304FA962063CEAB006A6CEF /* AppDelegate.swift */; };
		5304FA9E2063CEAB006A6CEF /* Assets.xcassets in Resources */ = {isa = PBXBuildFile; fileRef = 5304FA9D2063CEAB006A6CEF /* Assets.xcassets */; };
		5304FAA12063CEAB006A6CEF /* LaunchScreen.storyboard in Resources */ = {isa = PBXBuildFile; fileRef = 5304FA9F2063CEAB006A6CEF /* LaunchScreen.storyboard */; };
		5304FAAA2063D056006A6CEF /* Main.storyboard in Resources */ = {isa = PBXBuildFile; fileRef = 5304FAA92063D056006A6CEF /* Main.storyboard */; };
		5304FAAC2063D09D006A6CEF /* ZYYMainViewController.swift in Sources */ = {isa = PBXBuildFile; fileRef = 5304FAAB2063D09D006A6CEF /* ZYYMainViewController.swift */; };
		5334ABC62063E043003A188D /* ZYYMainTableViewCell.swift in Sources */ = {isa = PBXBuildFile; fileRef = 5334ABC52063E043003A188D /* ZYYMainTableViewCell.swift */; };
		5334ABCC2063E4A6003A188D /* ZYYMainViewModel.swift in Sources */ = {isa = PBXBuildFile; fileRef = 5334ABCB2063E4A6003A188D /* ZYYMainViewModel.swift */; };
		5334ABD12063E887003A188D /* R.generated.swift in Sources */ = {isa = PBXBuildFile; fileRef = 5334ABD02063E887003A188D /* R.generated.swift */; };
		5334ABD32063E9BE003A188D /* ZYYMainModel.swift in Sources */ = {isa = PBXBuildFile; fileRef = 5334ABD22063E9BD003A188D /* ZYYMainModel.swift */; };
		5334ABD52063EC65003A188D /* ZYYApiManager.swift in Sources */ = {isa = PBXBuildFile; fileRef = 5334ABD42063EC65003A188D /* ZYYApiManager.swift */; };
		53451EB0206782A300BA54EE /* Observable+ObjectMapper.swift in Sources */ = {isa = PBXBuildFile; fileRef = 53451EAF206782A300BA54EE /* Observable+ObjectMapper.swift */; };
		5375AD1A208CBF0200653AD8 /* SwiftHttpRequestParam.swift in Sources */ = {isa = PBXBuildFile; fileRef = 5375AD18208CBF0200653AD8 /* SwiftHttpRequestParam.swift */; };
		5375AD1B208CBF0200653AD8 /* CGYJSON.swift in Sources */ = {isa = PBXBuildFile; fileRef = 5375AD19208CBF0200653AD8 /* CGYJSON.swift */; };
		5375AD2A208CC04500653AD8 /* MainViewController.swift in Sources */ = {isa = PBXBuildFile; fileRef = 5375AD28208CC04500653AD8 /* MainViewController.swift */; };
		5375AD2B208CC04500653AD8 /* MainViewController.xib in Resources */ = {isa = PBXBuildFile; fileRef = 5375AD29208CC04500653AD8 /* MainViewController.xib */; };
		5375AD2D208CC0FF00653AD8 /* MainViewModel.swift in Sources */ = {isa = PBXBuildFile; fileRef = 5375AD2C208CC0FF00653AD8 /* MainViewModel.swift */; };
		5375AD31208CC13400653AD8 /* MainViewCell.swift in Sources */ = {isa = PBXBuildFile; fileRef = 5375AD2F208CC13400653AD8 /* MainViewCell.swift */; };
		5375AD32208CC13400653AD8 /* MainViewCell.xib in Resources */ = {isa = PBXBuildFile; fileRef = 5375AD30208CC13400653AD8 /* MainViewCell.xib */; };
		5375AD34208CC14700653AD8 /* MainViewCellModel.swift in Sources */ = {isa = PBXBuildFile; fileRef = 5375AD33208CC14700653AD8 /* MainViewCellModel.swift */; };
		53BF6FFE20804F8F00B5BEA8 /* UIView+extend.swift in Sources */ = {isa = PBXBuildFile; fileRef = 53BF6FFD20804F8F00B5BEA8 /* UIView+extend.swift */; };
		53BF70012080B39A00B5BEA8 /* Router.swift in Sources */ = {isa = PBXBuildFile; fileRef = 53BF70002080B39A00B5BEA8 /* Router.swift */; };
		53BF70032080B48500B5BEA8 /* DemoViewController1.swift in Sources */ = {isa = PBXBuildFile; fileRef = 53BF70022080B48500B5BEA8 /* DemoViewController1.swift */; };
		53BF70052080B49000B5BEA8 /* DemoViewController2.swift in Sources */ = {isa = PBXBuildFile; fileRef = 53BF70042080B49000B5BEA8 /* DemoViewController2.swift */; };
		53BF70082081E03600B5BEA8 /* NotificationCenter+extend.swift in Sources */ = {isa = PBXBuildFile; fileRef = 53BF70072081E03600B5BEA8 /* NotificationCenter+extend.swift */; };
		53BF700B2081E98A00B5BEA8 /* BaseViewController.swift in Sources */ = {isa = PBXBuildFile; fileRef = 53BF700A2081E98A00B5BEA8 /* BaseViewController.swift */; };
		53BF700D2081E9D600B5BEA8 /* BaseViewModel.swift in Sources */ = {isa = PBXBuildFile; fileRef = 53BF700C2081E9D600B5BEA8 /* BaseViewModel.swift */; };
		53BF700F2081EC5300B5BEA8 /* UserDefaults+extend.swift in Sources */ = {isa = PBXBuildFile; fileRef = 53BF700E2081EC5300B5BEA8 /* UserDefaults+extend.swift */; };
		53BF701120820AC500B5BEA8 /* Tools.swift in Sources */ = {isa = PBXBuildFile; fileRef = 53BF701020820AC500B5BEA8 /* Tools.swift */; };
		53BF701420821B5400B5BEA8 /* PopView.swift in Sources */ = {isa = PBXBuildFile; fileRef = 53BF701320821B5400B5BEA8 /* PopView.swift */; };
		53BF701D20823DC400B5BEA8 /* Bundle+extend.swift in Sources */ = {isa = PBXBuildFile; fileRef = 53BF701C20823DC400B5BEA8 /* Bundle+extend.swift */; };
		53BF701F20823E7F00B5BEA8 /* UIColor+extend.swift in Sources */ = {isa = PBXBuildFile; fileRef = 53BF701E20823E7F00B5BEA8 /* UIColor+extend.swift */; };
		53BF702120823F8000B5BEA8 /* UIScreen+extend.swift in Sources */ = {isa = PBXBuildFile; fileRef = 53BF702020823F8000B5BEA8 /* UIScreen+extend.swift */; };
		53BF702320823FD700B5BEA8 /* UIWindow+extend.swift in Sources */ = {isa = PBXBuildFile; fileRef = 53BF702220823FD700B5BEA8 /* UIWindow+extend.swift */; };
		53E7360B208CC2AD00A47BE6 /* Scene.swift in Sources */ = {isa = PBXBuildFile; fileRef = 53E73607208CC2AC00A47BE6 /* Scene.swift */; };
		53E7360C208CC2AD00A47BE6 /* SceneCoodinator.swift in Sources */ = {isa = PBXBuildFile; fileRef = 53E73608208CC2AC00A47BE6 /* SceneCoodinator.swift */; };
		53E7360D208CC2AD00A47BE6 /* SceneCoodinatorType.swift in Sources */ = {isa = PBXBuildFile; fileRef = 53E73609208CC2AC00A47BE6 /* SceneCoodinatorType.swift */; };
		53E7360E208CC2AD00A47BE6 /* SceneTransitionType.swift in Sources */ = {isa = PBXBuildFile; fileRef = 53E7360A208CC2AC00A47BE6 /* SceneTransitionType.swift */; };
/* End PBXBuildFile section */

/* Begin PBXFileReference section */
		0AC53F22A0239ED368AC951E /* Pods_ZYYZhihu.framework */ = {isa = PBXFileReference; explicitFileType = wrapper.framework; includeInIndex = 0; path = Pods_ZYYZhihu.framework; sourceTree = BUILT_PRODUCTS_DIR; };
		1A5A713B84ECD036799C65A1 /* Pods-ZYYZhihu.debug.xcconfig */ = {isa = PBXFileReference; includeInIndex = 1; lastKnownFileType = text.xcconfig; name = "Pods-ZYYZhihu.debug.xcconfig"; path = "Pods/Target Support Files/Pods-ZYYZhihu/Pods-ZYYZhihu.debug.xcconfig"; sourceTree = "<group>"; };
		5304FA932063CEAB006A6CEF /* ZYYZhihu.app */ = {isa = PBXFileReference; explicitFileType = wrapper.application; includeInIndex = 0; path = ZYYZhihu.app; sourceTree = BUILT_PRODUCTS_DIR; };
		5304FA962063CEAB006A6CEF /* AppDelegate.swift */ = {isa = PBXFileReference; lastKnownFileType = sourcecode.swift; path = AppDelegate.swift; sourceTree = "<group>"; };
		5304FA9D2063CEAB006A6CEF /* Assets.xcassets */ = {isa = PBXFileReference; lastKnownFileType = folder.assetcatalog; path = Assets.xcassets; sourceTree = "<group>"; };
		5304FAA02063CEAB006A6CEF /* Base */ = {isa = PBXFileReference; lastKnownFileType = file.storyboard; name = Base; path = Base.lproj/LaunchScreen.storyboard; sourceTree = "<group>"; };
		5304FAA22063CEAB006A6CEF /* Info.plist */ = {isa = PBXFileReference; lastKnownFileType = text.plist.xml; path = Info.plist; sourceTree = "<group>"; };
		5304FAA92063D056006A6CEF /* Main.storyboard */ = {isa = PBXFileReference; fileEncoding = 4; lastKnownFileType = file.storyboard; path = Main.storyboard; sourceTree = "<group>"; };
		5304FAAB2063D09D006A6CEF /* ZYYMainViewController.swift */ = {isa = PBXFileReference; lastKnownFileType = sourcecode.swift; path = ZYYMainViewController.swift; sourceTree = "<group>"; };
		5334ABC52063E043003A188D /* ZYYMainTableViewCell.swift */ = {isa = PBXFileReference; lastKnownFileType = sourcecode.swift; path = ZYYMainTableViewCell.swift; sourceTree = "<group>"; };
		5334ABCB2063E4A6003A188D /* ZYYMainViewModel.swift */ = {isa = PBXFileReference; lastKnownFileType = sourcecode.swift; path = ZYYMainViewModel.swift; sourceTree = "<group>"; };
		5334ABD02063E887003A188D /* R.generated.swift */ = {isa = PBXFileReference; fileEncoding = 4; lastKnownFileType = sourcecode.swift; path = R.generated.swift; sourceTree = SOURCE_ROOT; };
		5334ABD22063E9BD003A188D /* ZYYMainModel.swift */ = {isa = PBXFileReference; lastKnownFileType = sourcecode.swift; path = ZYYMainModel.swift; sourceTree = "<group>"; };
		5334ABD42063EC65003A188D /* ZYYApiManager.swift */ = {isa = PBXFileReference; lastKnownFileType = sourcecode.swift; path = ZYYApiManager.swift; sourceTree = "<group>"; };
		53451EAF206782A300BA54EE /* Observable+ObjectMapper.swift */ = {isa = PBXFileReference; lastKnownFileType = sourcecode.swift; path = "Observable+ObjectMapper.swift"; sourceTree = "<group>"; };
		5375AD18208CBF0200653AD8 /* SwiftHttpRequestParam.swift */ = {isa = PBXFileReference; fileEncoding = 4; lastKnownFileType = sourcecode.swift; path = SwiftHttpRequestParam.swift; sourceTree = "<group>"; };
		5375AD19208CBF0200653AD8 /* CGYJSON.swift */ = {isa = PBXFileReference; fileEncoding = 4; lastKnownFileType = sourcecode.swift; path = CGYJSON.swift; sourceTree = "<group>"; };
		5375AD28208CC04500653AD8 /* MainViewController.swift */ = {isa = PBXFileReference; lastKnownFileType = sourcecode.swift; path = MainViewController.swift; sourceTree = "<group>"; };
		5375AD29208CC04500653AD8 /* MainViewController.xib */ = {isa = PBXFileReference; lastKnownFileType = file.xib; path = MainViewController.xib; sourceTree = "<group>"; };
		5375AD2C208CC0FF00653AD8 /* MainViewModel.swift */ = {isa = PBXFileReference; lastKnownFileType = sourcecode.swift; path = MainViewModel.swift; sourceTree = "<group>"; };
		5375AD2F208CC13400653AD8 /* MainViewCell.swift */ = {isa = PBXFileReference; lastKnownFileType = sourcecode.swift; path = MainViewCell.swift; sourceTree = "<group>"; };
		5375AD30208CC13400653AD8 /* MainViewCell.xib */ = {isa = PBXFileReference; lastKnownFileType = file.xib; path = MainViewCell.xib; sourceTree = "<group>"; };
		5375AD33208CC14700653AD8 /* MainViewCellModel.swift */ = {isa = PBXFileReference; lastKnownFileType = sourcecode.swift; path = MainViewCellModel.swift; sourceTree = "<group>"; };
		53BF6FFD20804F8F00B5BEA8 /* UIView+extend.swift */ = {isa = PBXFileReference; lastKnownFileType = sourcecode.swift; path = "UIView+extend.swift"; sourceTree = "<group>"; };
		53BF70002080B39A00B5BEA8 /* Router.swift */ = {isa = PBXFileReference; lastKnownFileType = sourcecode.swift; path = Router.swift; sourceTree = "<group>"; };
		53BF70022080B48500B5BEA8 /* DemoViewController1.swift */ = {isa = PBXFileReference; lastKnownFileType = sourcecode.swift; path = DemoViewController1.swift; sourceTree = "<group>"; };
		53BF70042080B49000B5BEA8 /* DemoViewController2.swift */ = {isa = PBXFileReference; lastKnownFileType = sourcecode.swift; path = DemoViewController2.swift; sourceTree = "<group>"; };
		53BF70072081E03600B5BEA8 /* NotificationCenter+extend.swift */ = {isa = PBXFileReference; lastKnownFileType = sourcecode.swift; path = "NotificationCenter+extend.swift"; sourceTree = "<group>"; };
		53BF700A2081E98A00B5BEA8 /* BaseViewController.swift */ = {isa = PBXFileReference; lastKnownFileType = sourcecode.swift; path = BaseViewController.swift; sourceTree = "<group>"; };
		53BF700C2081E9D600B5BEA8 /* BaseViewModel.swift */ = {isa = PBXFileReference; lastKnownFileType = sourcecode.swift; path = BaseViewModel.swift; sourceTree = "<group>"; };
		53BF700E2081EC5300B5BEA8 /* UserDefaults+extend.swift */ = {isa = PBXFileReference; lastKnownFileType = sourcecode.swift; path = "UserDefaults+extend.swift"; sourceTree = "<group>"; };
		53BF701020820AC500B5BEA8 /* Tools.swift */ = {isa = PBXFileReference; lastKnownFileType = sourcecode.swift; path = Tools.swift; sourceTree = "<group>"; };
		53BF701320821B5400B5BEA8 /* PopView.swift */ = {isa = PBXFileReference; lastKnownFileType = sourcecode.swift; path = PopView.swift; sourceTree = "<group>"; };
		53BF701920821D5400B5BEA8 /* ZYYZhihu-Bridging-Header.h */ = {isa = PBXFileReference; lastKnownFileType = sourcecode.c.h; path = "ZYYZhihu-Bridging-Header.h"; sourceTree = "<group>"; };
		53BF701C20823DC400B5BEA8 /* Bundle+extend.swift */ = {isa = PBXFileReference; lastKnownFileType = sourcecode.swift; path = "Bundle+extend.swift"; sourceTree = "<group>"; };
		53BF701E20823E7F00B5BEA8 /* UIColor+extend.swift */ = {isa = PBXFileReference; lastKnownFileType = sourcecode.swift; path = "UIColor+extend.swift"; sourceTree = "<group>"; };
		53BF702020823F8000B5BEA8 /* UIScreen+extend.swift */ = {isa = PBXFileReference; lastKnownFileType = sourcecode.swift; path = "UIScreen+extend.swift"; sourceTree = "<group>"; };
		53BF702220823FD700B5BEA8 /* UIWindow+extend.swift */ = {isa = PBXFileReference; lastKnownFileType = sourcecode.swift; path = "UIWindow+extend.swift"; sourceTree = "<group>"; };
		53E73607208CC2AC00A47BE6 /* Scene.swift */ = {isa = PBXFileReference; fileEncoding = 4; lastKnownFileType = sourcecode.swift; path = Scene.swift; sourceTree = "<group>"; };
		53E73608208CC2AC00A47BE6 /* SceneCoodinator.swift */ = {isa = PBXFileReference; fileEncoding = 4; lastKnownFileType = sourcecode.swift; path = SceneCoodinator.swift; sourceTree = "<group>"; };
		53E73609208CC2AC00A47BE6 /* SceneCoodinatorType.swift */ = {isa = PBXFileReference; fileEncoding = 4; lastKnownFileType = sourcecode.swift; path = SceneCoodinatorType.swift; sourceTree = "<group>"; };
		53E7360A208CC2AC00A47BE6 /* SceneTransitionType.swift */ = {isa = PBXFileReference; fileEncoding = 4; lastKnownFileType = sourcecode.swift; path = SceneTransitionType.swift; sourceTree = "<group>"; };
		ADB10837E22E9BFC16B820A5 /* Pods-ZYYZhihu.release.xcconfig */ = {isa = PBXFileReference; includeInIndex = 1; lastKnownFileType = text.xcconfig; name = "Pods-ZYYZhihu.release.xcconfig"; path = "Pods/Target Support Files/Pods-ZYYZhihu/Pods-ZYYZhihu.release.xcconfig"; sourceTree = "<group>"; };
/* End PBXFileReference section */

/* Begin PBXFrameworksBuildPhase section */
		5304FA902063CEAB006A6CEF /* Frameworks */ = {
			isa = PBXFrameworksBuildPhase;
			buildActionMask = 2147483647;
			files = (
				3CCDBE57CA51D6812ABA9E1A /* Pods_ZYYZhihu.framework in Frameworks */,
			);
			runOnlyForDeploymentPostprocessing = 0;
		};
/* End PBXFrameworksBuildPhase section */

/* Begin PBXGroup section */
		5304FA8A2063CEAB006A6CEF = {
			isa = PBXGroup;
			children = (
				5304FA952063CEAB006A6CEF /* ZYYZhihu */,
				5304FA942063CEAB006A6CEF /* Products */,
				910A7A16510705DA25117BA6 /* Pods */,
				D53FC3A2CFDD2DE699AFDA6A /* Frameworks */,
			);
			sourceTree = "<group>";
		};
		5304FA942063CEAB006A6CEF /* Products */ = {
			isa = PBXGroup;
			children = (
				5304FA932063CEAB006A6CEF /* ZYYZhihu.app */,
			);
			name = Products;
			sourceTree = "<group>";
		};
		5304FA952063CEAB006A6CEF /* ZYYZhihu */ = {
			isa = PBXGroup;
			children = (
				53E73606208CC2AC00A47BE6 /* Coodinator */,
				5375AD1F208CBF8C00653AD8 /* Scenes */,
				53BF701920821D5400B5BEA8 /* ZYYZhihu-Bridging-Header.h */,
				53BEEDA620847CB800CB1EE3 /* Network */,
				53BF701220821B0500B5BEA8 /* PopView */,
				53BF70092081E97800B5BEA8 /* Base */,
				53BF6FFC20804F4500B5BEA8 /* extension */,
				5304FA962063CEAB006A6CEF /* AppDelegate.swift */,
				5304FA9F2063CEAB006A6CEF /* LaunchScreen.storyboard */,
				5304FAA22063CEAB006A6CEF /* Info.plist */,
				5334ABCF2063E86D003A188D /* Resources */,
				5304FAA82063CFD6006A6CEF /* Main */,
				5334ABD42063EC65003A188D /* ZYYApiManager.swift */,
				53BF70062080B4A000B5BEA8 /* Router */,
			);
			path = ZYYZhihu;
			sourceTree = "<group>";
		};
		5304FAA82063CFD6006A6CEF /* Main */ = {
			isa = PBXGroup;
			children = (
				5304FAA92063D056006A6CEF /* Main.storyboard */,
				5334ABC52063E043003A188D /* ZYYMainTableViewCell.swift */,
				5304FAAB2063D09D006A6CEF /* ZYYMainViewController.swift */,
				5334ABCB2063E4A6003A188D /* ZYYMainViewModel.swift */,
				5334ABD22063E9BD003A188D /* ZYYMainModel.swift */,
				53451EAF206782A300BA54EE /* Observable+ObjectMapper.swift */,
			);
			path = Main;
			sourceTree = "<group>";
		};
		5334ABCF2063E86D003A188D /* Resources */ = {
			isa = PBXGroup;
			children = (
				5304FA9D2063CEAB006A6CEF /* Assets.xcassets */,
				5334ABD02063E887003A188D /* R.generated.swift */,
			);
			path = Resources;
			sourceTree = "<group>";
		};
		5375AD1F208CBF8C00653AD8 /* Scenes */ = {
			isa = PBXGroup;
			children = (
				5375AD2E208CC10A00653AD8 /* Cell */,
				5375AD2C208CC0FF00653AD8 /* MainViewModel.swift */,
				5375AD28208CC04500653AD8 /* MainViewController.swift */,
				5375AD29208CC04500653AD8 /* MainViewController.xib */,
			);
			path = Scenes;
			sourceTree = "<group>";
		};
		5375AD2E208CC10A00653AD8 /* Cell */ = {
			isa = PBXGroup;
			children = (
				5375AD2F208CC13400653AD8 /* MainViewCell.swift */,
				5375AD30208CC13400653AD8 /* MainViewCell.xib */,
				5375AD33208CC14700653AD8 /* MainViewCellModel.swift */,
			);
			path = Cell;
			sourceTree = "<group>";
		};
		53BEEDA620847CB800CB1EE3 /* Network */ = {
			isa = PBXGroup;
			children = (
				5375AD19208CBF0200653AD8 /* CGYJSON.swift */,
				5375AD18208CBF0200653AD8 /* SwiftHttpRequestParam.swift */,
			);
			path = Network;
			sourceTree = "<group>";
		};
		53BF6FFC20804F4500B5BEA8 /* extension */ = {
			isa = PBXGroup;
			children = (
				53BF6FFD20804F8F00B5BEA8 /* UIView+extend.swift */,
				53BF701E20823E7F00B5BEA8 /* UIColor+extend.swift */,
				53BF702020823F8000B5BEA8 /* UIScreen+extend.swift */,
				53BF702220823FD700B5BEA8 /* UIWindow+extend.swift */,
				53BF70072081E03600B5BEA8 /* NotificationCenter+extend.swift */,
				53BF700E2081EC5300B5BEA8 /* UserDefaults+extend.swift */,
				53BF701C20823DC400B5BEA8 /* Bundle+extend.swift */,
				53BF701020820AC500B5BEA8 /* Tools.swift */,
			);
			path = extension;
			sourceTree = "<group>";
		};
		53BF70062080B4A000B5BEA8 /* Router */ = {
			isa = PBXGroup;
			children = (
				53BF70002080B39A00B5BEA8 /* Router.swift */,
				53BF70022080B48500B5BEA8 /* DemoViewController1.swift */,
				53BF70042080B49000B5BEA8 /* DemoViewController2.swift */,
			);
			path = Router;
			sourceTree = "<group>";
		};
		53BF70092081E97800B5BEA8 /* Base */ = {
			isa = PBXGroup;
			children = (
				53BF700A2081E98A00B5BEA8 /* BaseViewController.swift */,
				53BF700C2081E9D600B5BEA8 /* BaseViewModel.swift */,
			);
			path = Base;
			sourceTree = "<group>";
		};
		53BF701220821B0500B5BEA8 /* PopView */ = {
			isa = PBXGroup;
			children = (
				53BF701320821B5400B5BEA8 /* PopView.swift */,
			);
			path = PopView;
			sourceTree = "<group>";
		};
		53E73606208CC2AC00A47BE6 /* Coodinator */ = {
			isa = PBXGroup;
			children = (
				53E73607208CC2AC00A47BE6 /* Scene.swift */,
				53E73608208CC2AC00A47BE6 /* SceneCoodinator.swift */,
				53E73609208CC2AC00A47BE6 /* SceneCoodinatorType.swift */,
				53E7360A208CC2AC00A47BE6 /* SceneTransitionType.swift */,
			);
			path = Coodinator;
			sourceTree = "<group>";
		};
		910A7A16510705DA25117BA6 /* Pods */ = {
			isa = PBXGroup;
			children = (
				1A5A713B84ECD036799C65A1 /* Pods-ZYYZhihu.debug.xcconfig */,
				ADB10837E22E9BFC16B820A5 /* Pods-ZYYZhihu.release.xcconfig */,
			);
			name = Pods;
			sourceTree = "<group>";
		};
		D53FC3A2CFDD2DE699AFDA6A /* Frameworks */ = {
			isa = PBXGroup;
			children = (
				0AC53F22A0239ED368AC951E /* Pods_ZYYZhihu.framework */,
			);
			name = Frameworks;
			sourceTree = "<group>";
		};
/* End PBXGroup section */

/* Begin PBXNativeTarget section */
		5304FA922063CEAB006A6CEF /* ZYYZhihu */ = {
			isa = PBXNativeTarget;
			buildConfigurationList = 5304FAA52063CEAB006A6CEF /* Build configuration list for PBXNativeTarget "ZYYZhihu" */;
			buildPhases = (
				865CFD2537E3B23E762C4831 /* [CP] Check Pods Manifest.lock */,
				5334ABC22063DBF2003A188D /* ShellScript */,
				5304FA8F2063CEAB006A6CEF /* Sources */,
				5304FA902063CEAB006A6CEF /* Frameworks */,
				5304FA912063CEAB006A6CEF /* Resources */,
				A79400B28EF50E8F83B0B5EE /* [CP] Embed Pods Frameworks */,
				2AF1DF2AF28D2A8537E51FB9 /* [CP] Copy Pods Resources */,
			);
			buildRules = (
			);
			dependencies = (
			);
			name = ZYYZhihu;
			productName = ZYYZhihu;
			productReference = 5304FA932063CEAB006A6CEF /* ZYYZhihu.app */;
			productType = "com.apple.product-type.application";
		};
/* End PBXNativeTarget section */

/* Begin PBXProject section */
		5304FA8B2063CEAB006A6CEF /* Project object */ = {
			isa = PBXProject;
			attributes = {
				LastSwiftUpdateCheck = 0920;
				LastUpgradeCheck = 0920;
				ORGANIZATIONNAME = "郑尧元";
				TargetAttributes = {
					5304FA922063CEAB006A6CEF = {
						CreatedOnToolsVersion = 9.2;
						LastSwiftMigration = 0930;
						ProvisioningStyle = Automatic;
					};
				};
			};
			buildConfigurationList = 5304FA8E2063CEAB006A6CEF /* Build configuration list for PBXProject "ZYYZhihu" */;
			compatibilityVersion = "Xcode 8.0";
			developmentRegion = en;
			hasScannedForEncodings = 0;
			knownRegions = (
				en,
				Base,
			);
			mainGroup = 5304FA8A2063CEAB006A6CEF;
			productRefGroup = 5304FA942063CEAB006A6CEF /* Products */;
			projectDirPath = "";
			projectRoot = "";
			targets = (
				5304FA922063CEAB006A6CEF /* ZYYZhihu */,
			);
		};
/* End PBXProject section */

/* Begin PBXResourcesBuildPhase section */
		5304FA912063CEAB006A6CEF /* Resources */ = {
			isa = PBXResourcesBuildPhase;
			buildActionMask = 2147483647;
			files = (
				5304FAAA2063D056006A6CEF /* Main.storyboard in Resources */,
				5304FAA12063CEAB006A6CEF /* LaunchScreen.storyboard in Resources */,
				5304FA9E2063CEAB006A6CEF /* Assets.xcassets in Resources */,
				5375AD2B208CC04500653AD8 /* MainViewController.xib in Resources */,
				5375AD32208CC13400653AD8 /* MainViewCell.xib in Resources */,
			);
			runOnlyForDeploymentPostprocessing = 0;
		};
/* End PBXResourcesBuildPhase section */

/* Begin PBXShellScriptBuildPhase section */
		2AF1DF2AF28D2A8537E51FB9 /* [CP] Copy Pods Resources */ = {
			isa = PBXShellScriptBuildPhase;
			buildActionMask = 2147483647;
			files = (
			);
			inputPaths = (
			);
			name = "[CP] Copy Pods Resources";
			outputPaths = (
			);
			runOnlyForDeploymentPostprocessing = 0;
			shellPath = /bin/sh;
			shellScript = "\"${SRCROOT}/Pods/Target Support Files/Pods-ZYYZhihu/Pods-ZYYZhihu-resources.sh\"\n";
			showEnvVarsInLog = 0;
		};
		5334ABC22063DBF2003A188D /* ShellScript */ = {
			isa = PBXShellScriptBuildPhase;
			buildActionMask = 12;
			files = (
			);
			inputPaths = (
			);
			outputPaths = (
			);
			runOnlyForDeploymentPostprocessing = 0;
			shellPath = /bin/sh;
			shellScript = "\"$PODS_ROOT/R.swift/rswift\" generate \"$SRCROOT\"";
		};
		865CFD2537E3B23E762C4831 /* [CP] Check Pods Manifest.lock */ = {
			isa = PBXShellScriptBuildPhase;
			buildActionMask = 2147483647;
			files = (
			);
			inputPaths = (
				"${PODS_PODFILE_DIR_PATH}/Podfile.lock",
				"${PODS_ROOT}/Manifest.lock",
			);
			name = "[CP] Check Pods Manifest.lock";
			outputPaths = (
				"$(DERIVED_FILE_DIR)/Pods-ZYYZhihu-checkManifestLockResult.txt",
			);
			runOnlyForDeploymentPostprocessing = 0;
			shellPath = /bin/sh;
			shellScript = "diff \"${PODS_PODFILE_DIR_PATH}/Podfile.lock\" \"${PODS_ROOT}/Manifest.lock\" > /dev/null\nif [ $? != 0 ] ; then\n    # print error to STDERR\n    echo \"error: The sandbox is not in sync with the Podfile.lock. Run 'pod install' or update your CocoaPods installation.\" >&2\n    exit 1\nfi\n# This output is used by Xcode 'outputs' to avoid re-running this script phase.\necho \"SUCCESS\" > \"${SCRIPT_OUTPUT_FILE_0}\"\n";
			showEnvVarsInLog = 0;
		};
		A79400B28EF50E8F83B0B5EE /* [CP] Embed Pods Frameworks */ = {
			isa = PBXShellScriptBuildPhase;
			buildActionMask = 2147483647;
			files = (
			);
			inputPaths = (
				"${SRCROOT}/Pods/Target Support Files/Pods-ZYYZhihu/Pods-ZYYZhihu-frameworks.sh",
				"${BUILT_PRODUCTS_DIR}/Alamofire/Alamofire.framework",
				"${BUILT_PRODUCTS_DIR}/Differentiator/Differentiator.framework",
				"${BUILT_PRODUCTS_DIR}/Kingfisher/Kingfisher.framework",
				"${BUILT_PRODUCTS_DIR}/MBProgressHUD/MBProgressHUD.framework",
				"${BUILT_PRODUCTS_DIR}/Moya/Moya.framework",
				"${BUILT_PRODUCTS_DIR}/ObjectMapper/ObjectMapper.framework",
				"${BUILT_PRODUCTS_DIR}/R.swift.Library/Rswift.framework",
				"${BUILT_PRODUCTS_DIR}/Result/Result.framework",
				"${BUILT_PRODUCTS_DIR}/RxCocoa/RxCocoa.framework",
				"${BUILT_PRODUCTS_DIR}/RxDataSources/RxDataSources.framework",
				"${BUILT_PRODUCTS_DIR}/RxSwift/RxSwift.framework",
				"${BUILT_PRODUCTS_DIR}/SnapKit/SnapKit.framework",
				"${BUILT_PRODUCTS_DIR}/Spine/Spine.framework",
				"${BUILT_PRODUCTS_DIR}/SwiftDate/SwiftDate.framework",
				"${BUILT_PRODUCTS_DIR}/SwiftyAttributes/SwiftyAttributes.framework",
			);
			name = "[CP] Embed Pods Frameworks";
			outputPaths = (
				"${TARGET_BUILD_DIR}/${FRAMEWORKS_FOLDER_PATH}/Alamofire.framework",
				"${TARGET_BUILD_DIR}/${FRAMEWORKS_FOLDER_PATH}/Differentiator.framework",
				"${TARGET_BUILD_DIR}/${FRAMEWORKS_FOLDER_PATH}/Kingfisher.framework",
				"${TARGET_BUILD_DIR}/${FRAMEWORKS_FOLDER_PATH}/MBProgressHUD.framework",
				"${TARGET_BUILD_DIR}/${FRAMEWORKS_FOLDER_PATH}/Moya.framework",
				"${TARGET_BUILD_DIR}/${FRAMEWORKS_FOLDER_PATH}/ObjectMapper.framework",
				"${TARGET_BUILD_DIR}/${FRAMEWORKS_FOLDER_PATH}/Rswift.framework",
				"${TARGET_BUILD_DIR}/${FRAMEWORKS_FOLDER_PATH}/Result.framework",
				"${TARGET_BUILD_DIR}/${FRAMEWORKS_FOLDER_PATH}/RxCocoa.framework",
				"${TARGET_BUILD_DIR}/${FRAMEWORKS_FOLDER_PATH}/RxDataSources.framework",
				"${TARGET_BUILD_DIR}/${FRAMEWORKS_FOLDER_PATH}/RxSwift.framework",
				"${TARGET_BUILD_DIR}/${FRAMEWORKS_FOLDER_PATH}/SnapKit.framework",
				"${TARGET_BUILD_DIR}/${FRAMEWORKS_FOLDER_PATH}/Spine.framework",
				"${TARGET_BUILD_DIR}/${FRAMEWORKS_FOLDER_PATH}/SwiftDate.framework",
				"${TARGET_BUILD_DIR}/${FRAMEWORKS_FOLDER_PATH}/SwiftyAttributes.framework",
			);
			runOnlyForDeploymentPostprocessing = 0;
			shellPath = /bin/sh;
			shellScript = "\"${SRCROOT}/Pods/Target Support Files/Pods-ZYYZhihu/Pods-ZYYZhihu-frameworks.sh\"\n";
			showEnvVarsInLog = 0;
		};
/* End PBXShellScriptBuildPhase section */

/* Begin PBXSourcesBuildPhase section */
		5304FA8F2063CEAB006A6CEF /* Sources */ = {
			isa = PBXSourcesBuildPhase;
			buildActionMask = 2147483647;
			files = (
				53BF70032080B48500B5BEA8 /* DemoViewController1.swift in Sources */,
				53BF701F20823E7F00B5BEA8 /* UIColor+extend.swift in Sources */,
				5375AD31208CC13400653AD8 /* MainViewCell.swift in Sources */,
				5375AD34208CC14700653AD8 /* MainViewCellModel.swift in Sources */,
				53E7360C208CC2AD00A47BE6 /* SceneCoodinator.swift in Sources */,
				5334ABD52063EC65003A188D /* ZYYApiManager.swift in Sources */,
				5375AD2D208CC0FF00653AD8 /* MainViewModel.swift in Sources */,
				53BF702120823F8000B5BEA8 /* UIScreen+extend.swift in Sources */,
				53BF702320823FD700B5BEA8 /* UIWindow+extend.swift in Sources */,
				53E7360D208CC2AD00A47BE6 /* SceneCoodinatorType.swift in Sources */,
				5375AD1B208CBF0200653AD8 /* CGYJSON.swift in Sources */,
				5334ABCC2063E4A6003A188D /* ZYYMainViewModel.swift in Sources */,
				53BF70012080B39A00B5BEA8 /* Router.swift in Sources */,
				5304FAAC2063D09D006A6CEF /* ZYYMainViewController.swift in Sources */,
				53BF700B2081E98A00B5BEA8 /* BaseViewController.swift in Sources */,
				53BF6FFE20804F8F00B5BEA8 /* UIView+extend.swift in Sources */,
				5375AD2A208CC04500653AD8 /* MainViewController.swift in Sources */,
				5334ABD12063E887003A188D /* R.generated.swift in Sources */,
				53BF701120820AC500B5BEA8 /* Tools.swift in Sources */,
				53451EB0206782A300BA54EE /* Observable+ObjectMapper.swift in Sources */,
				53BF701D20823DC400B5BEA8 /* Bundle+extend.swift in Sources */,
				5334ABC62063E043003A188D /* ZYYMainTableViewCell.swift in Sources */,
				5304FA972063CEAB006A6CEF /* AppDelegate.swift in Sources */,
				53BF700D2081E9D600B5BEA8 /* BaseViewModel.swift in Sources */,
				53BF70052080B49000B5BEA8 /* DemoViewController2.swift in Sources */,
				53BF70082081E03600B5BEA8 /* NotificationCenter+extend.swift in Sources */,
				53BF700F2081EC5300B5BEA8 /* UserDefaults+extend.swift in Sources */,
				5375AD1A208CBF0200653AD8 /* SwiftHttpRequestParam.swift in Sources */,
				53BF701420821B5400B5BEA8 /* PopView.swift in Sources */,
				5334ABD32063E9BE003A188D /* ZYYMainModel.swift in Sources */,
				53E7360B208CC2AD00A47BE6 /* Scene.swift in Sources */,
				53E7360E208CC2AD00A47BE6 /* SceneTransitionType.swift in Sources */,
			);
			runOnlyForDeploymentPostprocessing = 0;
		};
/* End PBXSourcesBuildPhase section */

/* Begin PBXVariantGroup section */
		5304FA9F2063CEAB006A6CEF /* LaunchScreen.storyboard */ = {
			isa = PBXVariantGroup;
			children = (
				5304FAA02063CEAB006A6CEF /* Base */,
			);
			name = LaunchScreen.storyboard;
			sourceTree = "<group>";
		};
/* End PBXVariantGroup section */

/* Begin XCBuildConfiguration section */
		5304FAA32063CEAB006A6CEF /* Debug */ = {
			isa = XCBuildConfiguration;
			buildSettings = {
				ALWAYS_SEARCH_USER_PATHS = NO;
				CLANG_ANALYZER_NONNULL = YES;
				CLANG_ANALYZER_NUMBER_OBJECT_CONVERSION = YES_AGGRESSIVE;
				CLANG_CXX_LANGUAGE_STANDARD = "gnu++14";
				CLANG_CXX_LIBRARY = "libc++";
				CLANG_ENABLE_MODULES = YES;
				CLANG_ENABLE_OBJC_ARC = YES;
				CLANG_WARN_BLOCK_CAPTURE_AUTORELEASING = YES;
				CLANG_WARN_BOOL_CONVERSION = YES;
				CLANG_WARN_COMMA = YES;
				CLANG_WARN_CONSTANT_CONVERSION = YES;
				CLANG_WARN_DIRECT_OBJC_ISA_USAGE = YES_ERROR;
				CLANG_WARN_DOCUMENTATION_COMMENTS = YES;
				CLANG_WARN_EMPTY_BODY = YES;
				CLANG_WARN_ENUM_CONVERSION = YES;
				CLANG_WARN_INFINITE_RECURSION = YES;
				CLANG_WARN_INT_CONVERSION = YES;
				CLANG_WARN_NON_LITERAL_NULL_CONVERSION = YES;
				CLANG_WARN_OBJC_LITERAL_CONVERSION = YES;
				CLANG_WARN_OBJC_ROOT_CLASS = YES_ERROR;
				CLANG_WARN_RANGE_LOOP_ANALYSIS = YES;
				CLANG_WARN_STRICT_PROTOTYPES = YES;
				CLANG_WARN_SUSPICIOUS_MOVE = YES;
				CLANG_WARN_UNGUARDED_AVAILABILITY = YES_AGGRESSIVE;
				CLANG_WARN_UNREACHABLE_CODE = YES;
				CLANG_WARN__DUPLICATE_METHOD_MATCH = YES;
				CODE_SIGN_IDENTITY = "iPhone Developer";
				COPY_PHASE_STRIP = NO;
				DEBUG_INFORMATION_FORMAT = dwarf;
				ENABLE_STRICT_OBJC_MSGSEND = YES;
				ENABLE_TESTABILITY = YES;
				GCC_C_LANGUAGE_STANDARD = gnu11;
				GCC_DYNAMIC_NO_PIC = NO;
				GCC_NO_COMMON_BLOCKS = YES;
				GCC_OPTIMIZATION_LEVEL = 0;
				GCC_PREPROCESSOR_DEFINITIONS = (
					"DEBUG=1",
					"$(inherited)",
				);
				GCC_WARN_64_TO_32_BIT_CONVERSION = YES;
				GCC_WARN_ABOUT_RETURN_TYPE = YES_ERROR;
				GCC_WARN_UNDECLARED_SELECTOR = YES;
				GCC_WARN_UNINITIALIZED_AUTOS = YES_AGGRESSIVE;
				GCC_WARN_UNUSED_FUNCTION = YES;
				GCC_WARN_UNUSED_VARIABLE = YES;
				IPHONEOS_DEPLOYMENT_TARGET = 11.2;
				MTL_ENABLE_DEBUG_INFO = YES;
				ONLY_ACTIVE_ARCH = YES;
				SDKROOT = iphoneos;
				SWIFT_ACTIVE_COMPILATION_CONDITIONS = DEBUG;
				SWIFT_OPTIMIZATION_LEVEL = "-Onone";
			};
			name = Debug;
		};
		5304FAA42063CEAB006A6CEF /* Release */ = {
			isa = XCBuildConfiguration;
			buildSettings = {
				ALWAYS_SEARCH_USER_PATHS = NO;
				CLANG_ANALYZER_NONNULL = YES;
				CLANG_ANALYZER_NUMBER_OBJECT_CONVERSION = YES_AGGRESSIVE;
				CLANG_CXX_LANGUAGE_STANDARD = "gnu++14";
				CLANG_CXX_LIBRARY = "libc++";
				CLANG_ENABLE_MODULES = YES;
				CLANG_ENABLE_OBJC_ARC = YES;
				CLANG_WARN_BLOCK_CAPTURE_AUTORELEASING = YES;
				CLANG_WARN_BOOL_CONVERSION = YES;
				CLANG_WARN_COMMA = YES;
				CLANG_WARN_CONSTANT_CONVERSION = YES;
				CLANG_WARN_DIRECT_OBJC_ISA_USAGE = YES_ERROR;
				CLANG_WARN_DOCUMENTATION_COMMENTS = YES;
				CLANG_WARN_EMPTY_BODY = YES;
				CLANG_WARN_ENUM_CONVERSION = YES;
				CLANG_WARN_INFINITE_RECURSION = YES;
				CLANG_WARN_INT_CONVERSION = YES;
				CLANG_WARN_NON_LITERAL_NULL_CONVERSION = YES;
				CLANG_WARN_OBJC_LITERAL_CONVERSION = YES;
				CLANG_WARN_OBJC_ROOT_CLASS = YES_ERROR;
				CLANG_WARN_RANGE_LOOP_ANALYSIS = YES;
				CLANG_WARN_STRICT_PROTOTYPES = YES;
				CLANG_WARN_SUSPICIOUS_MOVE = YES;
				CLANG_WARN_UNGUARDED_AVAILABILITY = YES_AGGRESSIVE;
				CLANG_WARN_UNREACHABLE_CODE = YES;
				CLANG_WARN__DUPLICATE_METHOD_MATCH = YES;
				CODE_SIGN_IDENTITY = "iPhone Developer";
				COPY_PHASE_STRIP = NO;
				DEBUG_INFORMATION_FORMAT = "dwarf-with-dsym";
				ENABLE_NS_ASSERTIONS = NO;
				ENABLE_STRICT_OBJC_MSGSEND = YES;
				GCC_C_LANGUAGE_STANDARD = gnu11;
				GCC_NO_COMMON_BLOCKS = YES;
				GCC_WARN_64_TO_32_BIT_CONVERSION = YES;
				GCC_WARN_ABOUT_RETURN_TYPE = YES_ERROR;
				GCC_WARN_UNDECLARED_SELECTOR = YES;
				GCC_WARN_UNINITIALIZED_AUTOS = YES_AGGRESSIVE;
				GCC_WARN_UNUSED_FUNCTION = YES;
				GCC_WARN_UNUSED_VARIABLE = YES;
				IPHONEOS_DEPLOYMENT_TARGET = 11.2;
				MTL_ENABLE_DEBUG_INFO = NO;
				SDKROOT = iphoneos;
				SWIFT_OPTIMIZATION_LEVEL = "-Owholemodule";
				VALIDATE_PRODUCT = YES;
			};
			name = Release;
		};
		5304FAA62063CEAB006A6CEF /* Debug */ = {
			isa = XCBuildConfiguration;
			baseConfigurationReference = 1A5A713B84ECD036799C65A1 /* Pods-ZYYZhihu.debug.xcconfig */;
			buildSettings = {
				ASSETCATALOG_COMPILER_APPICON_NAME = AppIcon;
				CLANG_ENABLE_MODULES = YES;
				CODE_SIGN_IDENTITY = "iPhone Developer";
				CODE_SIGN_STYLE = Automatic;
				DEVELOPMENT_TEAM = 492W5NPSAE;
				INFOPLIST_FILE = ZYYZhihu/Info.plist;
				LD_RUNPATH_SEARCH_PATHS = "$(inherited) @executable_path/Frameworks";
				OTHER_SWIFT_FLAGS = "$(inherited) \"-D\" \"COCOAPODS\" -D DEBUG";
				PRODUCT_BUNDLE_IDENTIFIER = com.zyy.ZYYZhihu;
				PRODUCT_NAME = "$(TARGET_NAME)";
				PROVISIONING_PROFILE_SPECIFIER = "";
				SWIFT_OBJC_BRIDGING_HEADER = "ZYYZhihu/ZYYZhihu-Bridging-Header.h";
				SWIFT_OPTIMIZATION_LEVEL = "-Onone";
				SWIFT_VERSION = 4.0;
				TARGETED_DEVICE_FAMILY = "1,2";
				USER_HEADER_SEARCH_PATHS = "${SRCROOT}/**";
			};
			name = Debug;
		};
		5304FAA72063CEAB006A6CEF /* Release */ = {
			isa = XCBuildConfiguration;
			baseConfigurationReference = ADB10837E22E9BFC16B820A5 /* Pods-ZYYZhihu.release.xcconfig */;
			buildSettings = {
				ASSETCATALOG_COMPILER_APPICON_NAME = AppIcon;
				CLANG_ENABLE_MODULES = YES;
				CODE_SIGN_IDENTITY = "iPhone Developer";
				CODE_SIGN_STYLE = Automatic;
				DEVELOPMENT_TEAM = 492W5NPSAE;
				INFOPLIST_FILE = ZYYZhihu/Info.plist;
				LD_RUNPATH_SEARCH_PATHS = "$(inherited) @executable_path/Frameworks";
				PRODUCT_BUNDLE_IDENTIFIER = com.zyy.ZYYZhihu;
				PRODUCT_NAME = "$(TARGET_NAME)";
				PROVISIONING_PROFILE_SPECIFIER = "";
				SWIFT_OBJC_BRIDGING_HEADER = "ZYYZhihu/ZYYZhihu-Bridging-Header.h";
				SWIFT_VERSION = 4.0;
				TARGETED_DEVICE_FAMILY = "1,2";
				USER_HEADER_SEARCH_PATHS = "${SRCROOT}/**";
			};
			name = Release;
		};
/* End XCBuildConfiguration section */

/* Begin XCConfigurationList section */
		5304FA8E2063CEAB006A6CEF /* Build configuration list for PBXProject "ZYYZhihu" */ = {
			isa = XCConfigurationList;
			buildConfigurations = (
				5304FAA32063CEAB006A6CEF /* Debug */,
				5304FAA42063CEAB006A6CEF /* Release */,
			);
			defaultConfigurationIsVisible = 0;
			defaultConfigurationName = Release;
		};
		5304FAA52063CEAB006A6CEF /* Build configuration list for PBXNativeTarget "ZYYZhihu" */ = {
			isa = XCConfigurationList;
			buildConfigurations = (
				5304FAA62063CEAB006A6CEF /* Debug */,
				5304FAA72063CEAB006A6CEF /* Release */,
			);
			defaultConfigurationIsVisible = 0;
			defaultConfigurationName = Release;
		};
/* End XCConfigurationList section */
	};
	rootObject = 5304FA8B2063CEAB006A6CEF /* Project object */;
}
